
Microsoft Visual Studio Solution File, Format Version 12.00
# Visual Studio 15
VisualStudioVersion = 15.0.28010.2041
MinimumVisualStudioVersion = 10.0.40219.1
Project("{9A19103F-16F7-4668-BE54-9A1E7A4F7556}") = "StandAlone.NETCoreApp", "StandAlone.NETCoreApp\StandAlone.NETCoreApp.csproj", "{053EA9FA-E42A-4E57-9EC5-7F0F2D6E4014}"
EndProject
Project("{2150E333-8FDC-42A3-9474-1A3956D46DE8}") = "Solution Items", "Solution Items", "{5AC62511-0096-4DE2-A53D-A899F8F5FD4A}"
	ProjectSection(SolutionItems) = preProject
		azure-pipelines.nano.yml = azure-pipelines.nano.yml
		azure-pipelines.yml = azure-pipelines.yml
		GitHubReleaseNotes.txt = GitHubReleaseNotes.txt
		README.md = README.md
		ReleaseNotes.md = ReleaseNotes.md
	EndProjectSection
EndProject
Global
	GlobalSection(SolutionConfigurationPlatforms) = preSolution
		Debug|Any CPU = Debug|Any CPU
		Release|Any CPU = Release|Any CPU
	EndGlobalSection
	GlobalSection(ProjectConfigurationPlatforms) = postSolution
		{053EA9FA-E42A-4E57-9EC5-7F0F2D6E4014}.Debug|Any CPU.ActiveCfg = Debug|Any CPU
		{053EA9FA-E42A-4E57-9EC5-7F0F2D6E4014}.Debug|Any CPU.Build.0 = Debug|Any CPU
		{053EA9FA-E42A-4E57-9EC5-7F0F2D6E4014}.Release|Any CPU.ActiveCfg = Release|Any CPU
		{053EA9FA-E42A-4E57-9EC5-7F0F2D6E4014}.Release|Any CPU.Build.0 = Release|Any CPU
	EndGlobalSection
	GlobalSection(SolutionProperties) = preSolution
		HideSolutionNode = FALSE
	EndGlobalSection
	GlobalSection(ExtensibilityGlobals) = postSolution
		SolutionGuid = {EFD20BD3-6DD3-4AC5-AAFE-E33F89A4653A}
	EndGlobalSection
EndGlobal
